
Microsoft Visual Studio Solution File, Format Version 12.00
# Visual Studio 14
VisualStudioVersion = 14.0.25420.1
MinimumVisualStudioVersion = 10.0.40219.1
Project("{2150E333-8FDC-42A3-9474-1A3956D46DE8}") = "Unite1_OOP", "Unite1_OOP", "{A6BF7212-EEC7-4BD0-8D27-C390A21C8CEC}"
EndProject
Project("{2150E333-8FDC-42A3-9474-1A3956D46DE8}") = "Unite2_KararYapilariveDonguler", "Unite2_KararYapilariveDonguler", "{3F7C67A9-723B-41E5-80E8-0E22B6A09DF8}"
EndProject
Project("{FAE04EC0-301F-11D3-BF4B-00C04F79EFBC}") = "U1_GoldSoru1", "U1_GoldSoru1\U1_GoldSoru1.csproj", "{EA7C041C-BDD7-4D90-9A9C-64F312A3A47C}"
EndProject
Project("{FAE04EC0-301F-11D3-BF4B-00C04F79EFBC}") = "U1_GoldSoru2", "U1_GoldSoru2\U1_GoldSoru2.csproj", "{33621CE0-A70E-494C-93DD-E2403B9D7E3A}"
EndProject
Project("{FAE04EC0-301F-11D3-BF4B-00C04F79EFBC}") = "U1_Odev1", "U1_Odev1\U1_Odev1.csproj", "{4EE8319C-3918-4610-A08D-071C7C1B402F}"
EndProject
Project("{FAE04EC0-301F-11D3-BF4B-00C04F79EFBC}") = "U1_Uyg12", "U1_Uyg12\U1_Uyg12.csproj", "{FE573B62-273E-44EA-BFD4-BFC294B12AFA}"
EndProject
Project("{FAE04EC0-301F-11D3-BF4B-00C04F79EFBC}") = "U1_Uyg13", "U1_Uyg13\U1_Uyg13.csproj", "{5DC8C0EF-5251-47E5-94BA-8B61F854BD4F}"
EndProject
Project("{FAE04EC0-301F-11D3-BF4B-00C04F79EFBC}") = "U1_Uyg14", "U1_Uyg14\U1_Uyg14.csproj", "{AB3882DD-F629-47AD-A554-27A5555867D9}"
EndProject
Project("{FAE04EC0-301F-11D3-BF4B-00C04F79EFBC}") = "U1_Uyg15", "U1_Uyg15\U1_Uyg15.csproj", "{59676C0F-E482-4646-AAE8-03376582A268}"
EndProject
Project("{FAE04EC0-301F-11D3-BF4B-00C04F79EFBC}") = "U1_Uyg16", "U1_Uyg16\U1_Uyg16.csproj", "{891F650B-7CAB-4AE7-88B4-7D2A2F462FD4}"
EndProject
Project("{FAE04EC0-301F-11D3-BF4B-00C04F79EFBC}") = "U2_Uyg10", "U2_Uyg10\U2_Uyg10.csproj", "{A8D31830-BD00-4669-94F7-85974F508EF7}"
EndProject
Project("{FAE04EC0-301F-11D3-BF4B-00C04F79EFBC}") = "U2_Uyg9", "U2_Uyg9\U2_Uyg9.csproj", "{2F44680E-D24D-4723-8D76-173556245248}"
EndProject
Project("{FAE04EC0-301F-11D3-BF4B-00C04F79EFBC}") = "U2_Uyg8", "U2_Uyg8\U2_Uyg8.csproj", "{855E8ED8-00F3-47C9-B324-B8CD13A18006}"
EndProject
Project("{FAE04EC0-301F-11D3-BF4B-00C04F79EFBC}") = "U2_Uyg7", "U2_Uyg7\U2_Uyg7.csproj", "{6BA7005A-0677-40B3-980A-78853D1D3EB0}"
EndProject
Project("{FAE04EC0-301F-11D3-BF4B-00C04F79EFBC}") = "U2_Uyg6", "U2_Uyg6\U2_Uyg6.csproj", "{BD602972-82BD-4FFF-8A70-C0F0AF393F73}"
EndProject
Project("{FAE04EC0-301F-11D3-BF4B-00C04F79EFBC}") = "U2_Uyg5", "U2_Uyg5\U2_Uyg5.csproj", "{4E97C8C3-E3B4-4ABD-A11A-5B2782CA652C}"
EndProject
Project("{FAE04EC0-301F-11D3-BF4B-00C04F79EFBC}") = "U2_Uyg4", "U2_Uyg4\U2_Uyg4.csproj", "{BAFB5BB4-4772-440E-AEAC-B9738674E45C}"
EndProject
Project("{FAE04EC0-301F-11D3-BF4B-00C04F79EFBC}") = "U2_Uyg3", "U2_Uyg3\U2_Uyg3.csproj", "{714A4437-0DAF-421F-9037-646A199EA245}"
EndProject
Project("{FAE04EC0-301F-11D3-BF4B-00C04F79EFBC}") = "U2_Uyg2", "U2_Uyg2\U2_Uyg2.csproj", "{A7BCE5C4-7C51-4FA2-A854-8148D2C5EDFC}"
EndProject
Project("{FAE04EC0-301F-11D3-BF4B-00C04F79EFBC}") = "U2_Uyg1", "U2_Uyg1\U2_Uyg1.csproj", "{5F4AB3BF-02FE-4531-B044-FB8284B64E1C}"
EndProject
Project("{FAE04EC0-301F-11D3-BF4B-00C04F79EFBC}") = "U1_SS_1", "U1_SS_1\U1_SS_1.csproj", "{3DC94593-EC95-4610-80E3-66D53880026D}"
EndProject
Project("{FAE04EC0-301F-11D3-BF4B-00C04F79EFBC}") = "U1_SS_2", "U1_SS_2\U1_SS_2.csproj", "{1FBAA273-880C-4EBE-BB68-94431B2F4678}"
EndProject
Project("{FAE04EC0-301F-11D3-BF4B-00C04F79EFBC}") = "U1_SS_40", "U1_SS_40\U1_SS_40.csproj", "{25B958E7-957F-424E-A271-B4C9426264DD}"
EndProject
Project("{FAE04EC0-301F-11D3-BF4B-00C04F79EFBC}") = "U2_SS_50", "U2_SS_50\U2_SS_50.csproj", "{E010620E-2B2B-4C0A-8DFD-DBF98090B4A7}"
EndProject
Project("{FAE04EC0-301F-11D3-BF4B-00C04F79EFBC}") = "U2_SS_48", "U2_SS_48\U2_SS_48.csproj", "{DB3FA5F5-4229-45E3-851C-F00E85FD70D9}"
EndProject
Project("{FAE04EC0-301F-11D3-BF4B-00C04F79EFBC}") = "U2_Odev1", "U2_Odev1\U2_Odev1.csproj", "{616F9DE9-7D90-4738-B32A-E92CA2A8CB60}"
EndProject
Project("{FAE04EC0-301F-11D3-BF4B-00C04F79EFBC}") = "U2_Uyg14", "U2_Uyg14\U2_Uyg14.csproj", "{28D2D7A4-3A79-45BC-BFFA-9EA89A4145FF}"
EndProject
Project("{FAE04EC0-301F-11D3-BF4B-00C04F79EFBC}") = "U2_Uyg15", "U2_Uyg15\U2_Uyg15.csproj", "{E0B0275E-4BE3-4D2A-A575-D4AA40CCF170}"
EndProject
Project("{FAE04EC0-301F-11D3-BF4B-00C04F79EFBC}") = "U2_Uyg16", "U2_Uyg16\U2_Uyg16.csproj", "{2B8D371E-B37E-42B4-BFA1-40A188774999}"
EndProject
Project("{FAE04EC0-301F-11D3-BF4B-00C04F79EFBC}") = "U2_Uyg17", "U2_Uyg17\U2_Uyg17.csproj", "{324CF311-D279-4130-B9AB-ADBBE9014D51}"
EndProject
Project("{FAE04EC0-301F-11D3-BF4B-00C04F79EFBC}") = "U2_Uyg18", "U2_Uyg18\U2_Uyg_18\U2_Uyg18.csproj", "{3027AAD6-7A8A-44EC-95E9-CDC9F54B9F55}"
EndProject
Project("{FAE04EC0-301F-11D3-BF4B-00C04F79EFBC}") = "U2_Uyg19", "U2_Uyg19\U2_Uyg_19\U2_Uyg19.csproj", "{E3DD0A7F-3119-4AD2-9E89-1850211A834F}"
EndProject
Project("{FAE04EC0-301F-11D3-BF4B-00C04F79EFBC}") = "U2_Uyg20", "U2_Uyg20\U2_Uyg20.csproj", "{F36A02C5-8F3B-4325-A5E5-9F19C9833571}"
EndProject
Project("{FAE04EC0-301F-11D3-BF4B-00C04F79EFBC}") = "U2_Uyg21", "U2_Uyg21\U2_Uyg_21\U2_Uyg21.csproj", "{26D55ADC-583B-4938-8BC1-48CD6EE1E0C8}"
EndProject
Project("{FAE04EC0-301F-11D3-BF4B-00C04F79EFBC}") = "U2_Uyg22", "U2_Uyg22\U2_Uyg22\U2_Uyg22.csproj", "{1D21B851-C3F1-45B8-A571-71C22536CA9A}"
EndProject
Project("{FAE04EC0-301F-11D3-BF4B-00C04F79EFBC}") = "U2_Uyg23", "U2_Uyg23\U2_Uyg23.csproj", "{1BA16867-64FF-4A97-B293-05F7449C21AA}"
EndProject
Project("{FAE04EC0-301F-11D3-BF4B-00C04F79EFBC}") = "U2_SS_63", "U2_SS_63\U2_SS_63.csproj", "{FB15406C-F314-49D0-8A06-DBB34E6EB73A}"
EndProject
Project("{FAE04EC0-301F-11D3-BF4B-00C04F79EFBC}") = "U2_SS_64", "U2_SS_64\U2_SS_64.csproj", "{6A9EC387-743A-45C3-AC68-4218A020E28A}"
EndProject
Project("{FAE04EC0-301F-11D3-BF4B-00C04F79EFBC}") = "U2_Uyg24", "U2_Uyg_24\U2_Uyg24.csproj", "{5449EAAB-86F3-4AD9-98B1-2ADCF3600009}"
EndProject
Project("{FAE04EC0-301F-11D3-BF4B-00C04F79EFBC}") = "U2_Uyg25", "U2_Uyg25\U2_Uyg25.csproj", "{13071552-F578-4D36-B86C-6722B341262D}"
EndProject
Project("{FAE04EC0-301F-11D3-BF4B-00C04F79EFBC}") = "U2_Uyg26", "U2_Uyg26\U2_Uyg26.csproj", "{33F598E0-2451-40CF-8F47-C5F9865144FE}"
EndProject
Project("{FAE04EC0-301F-11D3-BF4B-00C04F79EFBC}") = "U2_SS_66", "U2_SS_66\U2_SS_66.csproj", "{FC654C2B-4FCD-4A0D-A487-2A372CFFF69F}"
EndProject
Project("{FAE04EC0-301F-11D3-BF4B-00C04F79EFBC}") = "U2_GoldSoru1", "U2_GoldSoru1\U2_GoldSoru1.csproj", "{7D63D889-3C99-4F7D-8C11-3BBAA13DEE7F}"
EndProject
Project("{FAE04EC0-301F-11D3-BF4B-00C04F79EFBC}") = "U2_Uyg27", "U2_Uyg27\U2_Uyg27.csproj", "{CA237D83-5397-4256-84D7-44405B2FE4DD}"
EndProject
Global
	GlobalSection(SolutionConfigurationPlatforms) = preSolution
		Debug|Any CPU = Debug|Any CPU
		Release|Any CPU = Release|Any CPU
	EndGlobalSection
	GlobalSection(ProjectConfigurationPlatforms) = postSolution
		{EA7C041C-BDD7-4D90-9A9C-64F312A3A47C}.Debug|Any CPU.ActiveCfg = Debug|Any CPU
		{EA7C041C-BDD7-4D90-9A9C-64F312A3A47C}.Debug|Any CPU.Build.0 = Debug|Any CPU
		{EA7C041C-BDD7-4D90-9A9C-64F312A3A47C}.Release|Any CPU.ActiveCfg = Release|Any CPU
		{EA7C041C-BDD7-4D90-9A9C-64F312A3A47C}.Release|Any CPU.Build.0 = Release|Any CPU
		{33621CE0-A70E-494C-93DD-E2403B9D7E3A}.Debug|Any CPU.ActiveCfg = Debug|Any CPU
		{33621CE0-A70E-494C-93DD-E2403B9D7E3A}.Debug|Any CPU.Build.0 = Debug|Any CPU
		{33621CE0-A70E-494C-93DD-E2403B9D7E3A}.Release|Any CPU.ActiveCfg = Release|Any CPU
		{33621CE0-A70E-494C-93DD-E2403B9D7E3A}.Release|Any CPU.Build.0 = Release|Any CPU
		{4EE8319C-3918-4610-A08D-071C7C1B402F}.Debug|Any CPU.ActiveCfg = Debug|Any CPU
		{4EE8319C-3918-4610-A08D-071C7C1B402F}.Debug|Any CPU.Build.0 = Debug|Any CPU
		{4EE8319C-3918-4610-A08D-071C7C1B402F}.Release|Any CPU.ActiveCfg = Release|Any CPU
		{4EE8319C-3918-4610-A08D-071C7C1B402F}.Release|Any CPU.Build.0 = Release|Any CPU
		{FE573B62-273E-44EA-BFD4-BFC294B12AFA}.Debug|Any CPU.ActiveCfg = Debug|Any CPU
		{FE573B62-273E-44EA-BFD4-BFC294B12AFA}.Debug|Any CPU.Build.0 = Debug|Any CPU
		{FE573B62-273E-44EA-BFD4-BFC294B12AFA}.Release|Any CPU.ActiveCfg = Release|Any CPU
		{FE573B62-273E-44EA-BFD4-BFC294B12AFA}.Release|Any CPU.Build.0 = Release|Any CPU
		{5DC8C0EF-5251-47E5-94BA-8B61F854BD4F}.Debug|Any CPU.ActiveCfg = Debug|Any CPU
		{5DC8C0EF-5251-47E5-94BA-8B61F854BD4F}.Debug|Any CPU.Build.0 = Debug|Any CPU
		{5DC8C0EF-5251-47E5-94BA-8B61F854BD4F}.Release|Any CPU.ActiveCfg = Release|Any CPU
		{5DC8C0EF-5251-47E5-94BA-8B61F854BD4F}.Release|Any CPU.Build.0 = Release|Any CPU
		{AB3882DD-F629-47AD-A554-27A5555867D9}.Debug|Any CPU.ActiveCfg = Debug|Any CPU
		{AB3882DD-F629-47AD-A554-27A5555867D9}.Debug|Any CPU.Build.0 = Debug|Any CPU
		{AB3882DD-F629-47AD-A554-27A5555867D9}.Release|Any CPU.ActiveCfg = Release|Any CPU
		{AB3882DD-F629-47AD-A554-27A5555867D9}.Release|Any CPU.Build.0 = Release|Any CPU
		{59676C0F-E482-4646-AAE8-03376582A268}.Debug|Any CPU.ActiveCfg = Debug|Any CPU
		{59676C0F-E482-4646-AAE8-03376582A268}.Debug|Any CPU.Build.0 = Debug|Any CPU
		{59676C0F-E482-4646-AAE8-03376582A268}.Release|Any CPU.ActiveCfg = Release|Any CPU
		{59676C0F-E482-4646-AAE8-03376582A268}.Release|Any CPU.Build.0 = Release|Any CPU
		{891F650B-7CAB-4AE7-88B4-7D2A2F462FD4}.Debug|Any CPU.ActiveCfg = Debug|Any CPU
		{891F650B-7CAB-4AE7-88B4-7D2A2F462FD4}.Debug|Any CPU.Build.0 = Debug|Any CPU
		{891F650B-7CAB-4AE7-88B4-7D2A2F462FD4}.Release|Any CPU.ActiveCfg = Release|Any CPU
		{891F650B-7CAB-4AE7-88B4-7D2A2F462FD4}.Release|Any CPU.Build.0 = Release|Any CPU
		{A8D31830-BD00-4669-94F7-85974F508EF7}.Debug|Any CPU.ActiveCfg = Debug|Any CPU
		{A8D31830-BD00-4669-94F7-85974F508EF7}.Debug|Any CPU.Build.0 = Debug|Any CPU
		{A8D31830-BD00-4669-94F7-85974F508EF7}.Release|Any CPU.ActiveCfg = Release|Any CPU
		{A8D31830-BD00-4669-94F7-85974F508EF7}.Release|Any CPU.Build.0 = Release|Any CPU
		{2F44680E-D24D-4723-8D76-173556245248}.Debug|Any CPU.ActiveCfg = Debug|Any CPU
		{2F44680E-D24D-4723-8D76-173556245248}.Debug|Any CPU.Build.0 = Debug|Any CPU
		{2F44680E-D24D-4723-8D76-173556245248}.Release|Any CPU.ActiveCfg = Release|Any CPU
		{2F44680E-D24D-4723-8D76-173556245248}.Release|Any CPU.Build.0 = Release|Any CPU
		{855E8ED8-00F3-47C9-B324-B8CD13A18006}.Debug|Any CPU.ActiveCfg = Debug|Any CPU
		{855E8ED8-00F3-47C9-B324-B8CD13A18006}.Debug|Any CPU.Build.0 = Debug|Any CPU
		{855E8ED8-00F3-47C9-B324-B8CD13A18006}.Release|Any CPU.ActiveCfg = Release|Any CPU
		{855E8ED8-00F3-47C9-B324-B8CD13A18006}.Release|Any CPU.Build.0 = Release|Any CPU
		{6BA7005A-0677-40B3-980A-78853D1D3EB0}.Debug|Any CPU.ActiveCfg = Debug|Any CPU
		{6BA7005A-0677-40B3-980A-78853D1D3EB0}.Debug|Any CPU.Build.0 = Debug|Any CPU
		{6BA7005A-0677-40B3-980A-78853D1D3EB0}.Release|Any CPU.ActiveCfg = Release|Any CPU
		{6BA7005A-0677-40B3-980A-78853D1D3EB0}.Release|Any CPU.Build.0 = Release|Any CPU
		{BD602972-82BD-4FFF-8A70-C0F0AF393F73}.Debug|Any CPU.ActiveCfg = Debug|Any CPU
		{BD602972-82BD-4FFF-8A70-C0F0AF393F73}.Debug|Any CPU.Build.0 = Debug|Any CPU
		{BD602972-82BD-4FFF-8A70-C0F0AF393F73}.Release|Any CPU.ActiveCfg = Release|Any CPU
		{BD602972-82BD-4FFF-8A70-C0F0AF393F73}.Release|Any CPU.Build.0 = Release|Any CPU
		{4E97C8C3-E3B4-4ABD-A11A-5B2782CA652C}.Debug|Any CPU.ActiveCfg = Debug|Any CPU
		{4E97C8C3-E3B4-4ABD-A11A-5B2782CA652C}.Debug|Any CPU.Build.0 = Debug|Any CPU
		{4E97C8C3-E3B4-4ABD-A11A-5B2782CA652C}.Release|Any CPU.ActiveCfg = Release|Any CPU
		{4E97C8C3-E3B4-4ABD-A11A-5B2782CA652C}.Release|Any CPU.Build.0 = Release|Any CPU
		{BAFB5BB4-4772-440E-AEAC-B9738674E45C}.Debug|Any CPU.ActiveCfg = Debug|Any CPU
		{BAFB5BB4-4772-440E-AEAC-B9738674E45C}.Debug|Any CPU.Build.0 = Debug|Any CPU
		{BAFB5BB4-4772-440E-AEAC-B9738674E45C}.Release|Any CPU.ActiveCfg = Release|Any CPU
		{BAFB5BB4-4772-440E-AEAC-B9738674E45C}.Release|Any CPU.Build.0 = Release|Any CPU
		{714A4437-0DAF-421F-9037-646A199EA245}.Debug|Any CPU.ActiveCfg = Debug|Any CPU
		{714A4437-0DAF-421F-9037-646A199EA245}.Debug|Any CPU.Build.0 = Debug|Any CPU
		{714A4437-0DAF-421F-9037-646A199EA245}.Release|Any CPU.ActiveCfg = Release|Any CPU
		{714A4437-0DAF-421F-9037-646A199EA245}.Release|Any CPU.Build.0 = Release|Any CPU
		{A7BCE5C4-7C51-4FA2-A854-8148D2C5EDFC}.Debug|Any CPU.ActiveCfg = Debug|Any CPU
		{A7BCE5C4-7C51-4FA2-A854-8148D2C5EDFC}.Debug|Any CPU.Build.0 = Debug|Any CPU
		{A7BCE5C4-7C51-4FA2-A854-8148D2C5EDFC}.Release|Any CPU.ActiveCfg = Release|Any CPU
		{A7BCE5C4-7C51-4FA2-A854-8148D2C5EDFC}.Release|Any CPU.Build.0 = Release|Any CPU
		{5F4AB3BF-02FE-4531-B044-FB8284B64E1C}.Debug|Any CPU.ActiveCfg = Debug|Any CPU
		{5F4AB3BF-02FE-4531-B044-FB8284B64E1C}.Debug|Any CPU.Build.0 = Debug|Any CPU
		{5F4AB3BF-02FE-4531-B044-FB8284B64E1C}.Release|Any CPU.ActiveCfg = Release|Any CPU
		{5F4AB3BF-02FE-4531-B044-FB8284B64E1C}.Release|Any CPU.Build.0 = Release|Any CPU
		{3DC94593-EC95-4610-80E3-66D53880026D}.Debug|Any CPU.ActiveCfg = Debug|Any CPU
		{3DC94593-EC95-4610-80E3-66D53880026D}.Debug|Any CPU.Build.0 = Debug|Any CPU
		{3DC94593-EC95-4610-80E3-66D53880026D}.Release|Any CPU.ActiveCfg = Release|Any CPU
		{3DC94593-EC95-4610-80E3-66D53880026D}.Release|Any CPU.Build.0 = Release|Any CPU
		{1FBAA273-880C-4EBE-BB68-94431B2F4678}.Debug|Any CPU.ActiveCfg = Debug|Any CPU
		{1FBAA273-880C-4EBE-BB68-94431B2F4678}.Debug|Any CPU.Build.0 = Debug|Any CPU
		{1FBAA273-880C-4EBE-BB68-94431B2F4678}.Release|Any CPU.ActiveCfg = Release|Any CPU
		{1FBAA273-880C-4EBE-BB68-94431B2F4678}.Release|Any CPU.Build.0 = Release|Any CPU
		{25B958E7-957F-424E-A271-B4C9426264DD}.Debug|Any CPU.ActiveCfg = Debug|Any CPU
		{25B958E7-957F-424E-A271-B4C9426264DD}.Debug|Any CPU.Build.0 = Debug|Any CPU
		{25B958E7-957F-424E-A271-B4C9426264DD}.Release|Any CPU.ActiveCfg = Release|Any CPU
		{25B958E7-957F-424E-A271-B4C9426264DD}.Release|Any CPU.Build.0 = Release|Any CPU
		{E010620E-2B2B-4C0A-8DFD-DBF98090B4A7}.Debug|Any CPU.ActiveCfg = Debug|Any CPU
		{E010620E-2B2B-4C0A-8DFD-DBF98090B4A7}.Debug|Any CPU.Build.0 = Debug|Any CPU
		{E010620E-2B2B-4C0A-8DFD-DBF98090B4A7}.Release|Any CPU.ActiveCfg = Release|Any CPU
		{E010620E-2B2B-4C0A-8DFD-DBF98090B4A7}.Release|Any CPU.Build.0 = Release|Any CPU
		{DB3FA5F5-4229-45E3-851C-F00E85FD70D9}.Debug|Any CPU.ActiveCfg = Debug|Any CPU
		{DB3FA5F5-4229-45E3-851C-F00E85FD70D9}.Debug|Any CPU.Build.0 = Debug|Any CPU
		{DB3FA5F5-4229-45E3-851C-F00E85FD70D9}.Release|Any CPU.ActiveCfg = Release|Any CPU
		{DB3FA5F5-4229-45E3-851C-F00E85FD70D9}.Release|Any CPU.Build.0 = Release|Any CPU
		{616F9DE9-7D90-4738-B32A-E92CA2A8CB60}.Debug|Any CPU.ActiveCfg = Debug|Any CPU
		{616F9DE9-7D90-4738-B32A-E92CA2A8CB60}.Debug|Any CPU.Build.0 = Debug|Any CPU
		{616F9DE9-7D90-4738-B32A-E92CA2A8CB60}.Release|Any CPU.ActiveCfg = Release|Any CPU
		{616F9DE9-7D90-4738-B32A-E92CA2A8CB60}.Release|Any CPU.Build.0 = Release|Any CPU
		{28D2D7A4-3A79-45BC-BFFA-9EA89A4145FF}.Debug|Any CPU.ActiveCfg = Debug|Any CPU
		{28D2D7A4-3A79-45BC-BFFA-9EA89A4145FF}.Debug|Any CPU.Build.0 = Debug|Any CPU
		{28D2D7A4-3A79-45BC-BFFA-9EA89A4145FF}.Release|Any CPU.ActiveCfg = Release|Any CPU
		{28D2D7A4-3A79-45BC-BFFA-9EA89A4145FF}.Release|Any CPU.Build.0 = Release|Any CPU
		{E0B0275E-4BE3-4D2A-A575-D4AA40CCF170}.Debug|Any CPU.ActiveCfg = Debug|Any CPU
		{E0B0275E-4BE3-4D2A-A575-D4AA40CCF170}.Debug|Any CPU.Build.0 = Debug|Any CPU
		{E0B0275E-4BE3-4D2A-A575-D4AA40CCF170}.Release|Any CPU.ActiveCfg = Release|Any CPU
		{E0B0275E-4BE3-4D2A-A575-D4AA40CCF170}.Release|Any CPU.Build.0 = Release|Any CPU
		{2B8D371E-B37E-42B4-BFA1-40A188774999}.Debug|Any CPU.ActiveCfg = Debug|Any CPU
		{2B8D371E-B37E-42B4-BFA1-40A188774999}.Debug|Any CPU.Build.0 = Debug|Any CPU
		{2B8D371E-B37E-42B4-BFA1-40A188774999}.Release|Any CPU.ActiveCfg = Release|Any CPU
		{2B8D371E-B37E-42B4-BFA1-40A188774999}.Release|Any CPU.Build.0 = Release|Any CPU
		{324CF311-D279-4130-B9AB-ADBBE9014D51}.Debug|Any CPU.ActiveCfg = Debug|Any CPU
		{324CF311-D279-4130-B9AB-ADBBE9014D51}.Debug|Any CPU.Build.0 = Debug|Any CPU
		{324CF311-D279-4130-B9AB-ADBBE9014D51}.Release|Any CPU.ActiveCfg = Release|Any CPU
		{324CF311-D279-4130-B9AB-ADBBE9014D51}.Release|Any CPU.Build.0 = Release|Any CPU
		{3027AAD6-7A8A-44EC-95E9-CDC9F54B9F55}.Debug|Any CPU.ActiveCfg = Debug|Any CPU
		{3027AAD6-7A8A-44EC-95E9-CDC9F54B9F55}.Debug|Any CPU.Build.0 = Debug|Any CPU
		{3027AAD6-7A8A-44EC-95E9-CDC9F54B9F55}.Release|Any CPU.ActiveCfg = Release|Any CPU
		{3027AAD6-7A8A-44EC-95E9-CDC9F54B9F55}.Release|Any CPU.Build.0 = Release|Any CPU
		{E3DD0A7F-3119-4AD2-9E89-1850211A834F}.Debug|Any CPU.ActiveCfg = Debug|Any CPU
		{E3DD0A7F-3119-4AD2-9E89-1850211A834F}.Debug|Any CPU.Build.0 = Debug|Any CPU
		{E3DD0A7F-3119-4AD2-9E89-1850211A834F}.Release|Any CPU.ActiveCfg = Release|Any CPU
		{E3DD0A7F-3119-4AD2-9E89-1850211A834F}.Release|Any CPU.Build.0 = Release|Any CPU
		{F36A02C5-8F3B-4325-A5E5-9F19C9833571}.Debug|Any CPU.ActiveCfg = Debug|Any CPU
		{F36A02C5-8F3B-4325-A5E5-9F19C9833571}.Debug|Any CPU.Build.0 = Debug|Any CPU
		{F36A02C5-8F3B-4325-A5E5-9F19C9833571}.Release|Any CPU.ActiveCfg = Release|Any CPU
		{F36A02C5-8F3B-4325-A5E5-9F19C9833571}.Release|Any CPU.Build.0 = Release|Any CPU
		{26D55ADC-583B-4938-8BC1-48CD6EE1E0C8}.Debug|Any CPU.ActiveCfg = Debug|Any CPU
		{26D55ADC-583B-4938-8BC1-48CD6EE1E0C8}.Debug|Any CPU.Build.0 = Debug|Any CPU
		{26D55ADC-583B-4938-8BC1-48CD6EE1E0C8}.Release|Any CPU.ActiveCfg = Release|Any CPU
		{26D55ADC-583B-4938-8BC1-48CD6EE1E0C8}.Release|Any CPU.Build.0 = Release|Any CPU
		{1D21B851-C3F1-45B8-A571-71C22536CA9A}.Debug|Any CPU.ActiveCfg = Debug|Any CPU
		{1D21B851-C3F1-45B8-A571-71C22536CA9A}.Debug|Any CPU.Build.0 = Debug|Any CPU
		{1D21B851-C3F1-45B8-A571-71C22536CA9A}.Release|Any CPU.ActiveCfg = Release|Any CPU
		{1D21B851-C3F1-45B8-A571-71C22536CA9A}.Release|Any CPU.Build.0 = Release|Any CPU
		{1BA16867-64FF-4A97-B293-05F7449C21AA}.Debug|Any CPU.ActiveCfg = Debug|Any CPU
		{1BA16867-64FF-4A97-B293-05F7449C21AA}.Debug|Any CPU.Build.0 = Debug|Any CPU
		{1BA16867-64FF-4A97-B293-05F7449C21AA}.Release|Any CPU.ActiveCfg = Release|Any CPU
		{1BA16867-64FF-4A97-B293-05F7449C21AA}.Release|Any CPU.Build.0 = Release|Any CPU
		{FB15406C-F314-49D0-8A06-DBB34E6EB73A}.Debug|Any CPU.ActiveCfg = Debug|Any CPU
		{FB15406C-F314-49D0-8A06-DBB34E6EB73A}.Debug|Any CPU.Build.0 = Debug|Any CPU
		{FB15406C-F314-49D0-8A06-DBB34E6EB73A}.Release|Any CPU.ActiveCfg = Release|Any CPU
		{FB15406C-F314-49D0-8A06-DBB34E6EB73A}.Release|Any CPU.Build.0 = Release|Any CPU
		{6A9EC387-743A-45C3-AC68-4218A020E28A}.Debug|Any CPU.ActiveCfg = Debug|Any CPU
		{6A9EC387-743A-45C3-AC68-4218A020E28A}.Debug|Any CPU.Build.0 = Debug|Any CPU
		{6A9EC387-743A-45C3-AC68-4218A020E28A}.Release|Any CPU.ActiveCfg = Release|Any CPU
		{6A9EC387-743A-45C3-AC68-4218A020E28A}.Release|Any CPU.Build.0 = Release|Any CPU
		{5449EAAB-86F3-4AD9-98B1-2ADCF3600009}.Debug|Any CPU.ActiveCfg = Debug|Any CPU
		{5449EAAB-86F3-4AD9-98B1-2ADCF3600009}.Debug|Any CPU.Build.0 = Debug|Any CPU
		{5449EAAB-86F3-4AD9-98B1-2ADCF3600009}.Release|Any CPU.ActiveCfg = Release|Any CPU
		{5449EAAB-86F3-4AD9-98B1-2ADCF3600009}.Release|Any CPU.Build.0 = Release|Any CPU
		{13071552-F578-4D36-B86C-6722B341262D}.Debug|Any CPU.ActiveCfg = Debug|Any CPU
		{13071552-F578-4D36-B86C-6722B341262D}.Debug|Any CPU.Build.0 = Debug|Any CPU
		{13071552-F578-4D36-B86C-6722B341262D}.Release|Any CPU.ActiveCfg = Release|Any CPU
		{13071552-F578-4D36-B86C-6722B341262D}.Release|Any CPU.Build.0 = Release|Any CPU
		{33F598E0-2451-40CF-8F47-C5F9865144FE}.Debug|Any CPU.ActiveCfg = Debug|Any CPU
		{33F598E0-2451-40CF-8F47-C5F9865144FE}.Debug|Any CPU.Build.0 = Debug|Any CPU
		{33F598E0-2451-40CF-8F47-C5F9865144FE}.Release|Any CPU.ActiveCfg = Release|Any CPU
		{33F598E0-2451-40CF-8F47-C5F9865144FE}.Release|Any CPU.Build.0 = Release|Any CPU
		{FC654C2B-4FCD-4A0D-A487-2A372CFFF69F}.Debug|Any CPU.ActiveCfg = Debug|Any CPU
		{FC654C2B-4FCD-4A0D-A487-2A372CFFF69F}.Debug|Any CPU.Build.0 = Debug|Any CPU
		{FC654C2B-4FCD-4A0D-A487-2A372CFFF69F}.Release|Any CPU.ActiveCfg = Release|Any CPU
		{FC654C2B-4FCD-4A0D-A487-2A372CFFF69F}.Release|Any CPU.Build.0 = Release|Any CPU
		{7D63D889-3C99-4F7D-8C11-3BBAA13DEE7F}.Debug|Any CPU.ActiveCfg = Debug|Any CPU
		{7D63D889-3C99-4F7D-8C11-3BBAA13DEE7F}.Debug|Any CPU.Build.0 = Debug|Any CPU
		{7D63D889-3C99-4F7D-8C11-3BBAA13DEE7F}.Release|Any CPU.ActiveCfg = Release|Any CPU
		{7D63D889-3C99-4F7D-8C11-3BBAA13DEE7F}.Release|Any CPU.Build.0 = Release|Any CPU
		{CA237D83-5397-4256-84D7-44405B2FE4DD}.Debug|Any CPU.ActiveCfg = Debug|Any CPU
		{CA237D83-5397-4256-84D7-44405B2FE4DD}.Debug|Any CPU.Build.0 = Debug|Any CPU
		{CA237D83-5397-4256-84D7-44405B2FE4DD}.Release|Any CPU.ActiveCfg = Release|Any CPU
		{CA237D83-5397-4256-84D7-44405B2FE4DD}.Release|Any CPU.Build.0 = Release|Any CPU
	EndGlobalSection
	GlobalSection(SolutionProperties) = preSolution
		HideSolutionNode = FALSE
	EndGlobalSection
	GlobalSection(NestedProjects) = preSolution
		{EA7C041C-BDD7-4D90-9A9C-64F312A3A47C} = {A6BF7212-EEC7-4BD0-8D27-C390A21C8CEC}
		{33621CE0-A70E-494C-93DD-E2403B9D7E3A} = {A6BF7212-EEC7-4BD0-8D27-C390A21C8CEC}
		{4EE8319C-3918-4610-A08D-071C7C1B402F} = {A6BF7212-EEC7-4BD0-8D27-C390A21C8CEC}
		{FE573B62-273E-44EA-BFD4-BFC294B12AFA} = {A6BF7212-EEC7-4BD0-8D27-C390A21C8CEC}
		{5DC8C0EF-5251-47E5-94BA-8B61F854BD4F} = {A6BF7212-EEC7-4BD0-8D27-C390A21C8CEC}
		{AB3882DD-F629-47AD-A554-27A5555867D9} = {A6BF7212-EEC7-4BD0-8D27-C390A21C8CEC}
		{59676C0F-E482-4646-AAE8-03376582A268} = {A6BF7212-EEC7-4BD0-8D27-C390A21C8CEC}
		{891F650B-7CAB-4AE7-88B4-7D2A2F462FD4} = {A6BF7212-EEC7-4BD0-8D27-C390A21C8CEC}
		{A8D31830-BD00-4669-94F7-85974F508EF7} = {3F7C67A9-723B-41E5-80E8-0E22B6A09DF8}
		{2F44680E-D24D-4723-8D76-173556245248} = {3F7C67A9-723B-41E5-80E8-0E22B6A09DF8}
		{855E8ED8-00F3-47C9-B324-B8CD13A18006} = {3F7C67A9-723B-41E5-80E8-0E22B6A09DF8}
		{6BA7005A-0677-40B3-980A-78853D1D3EB0} = {3F7C67A9-723B-41E5-80E8-0E22B6A09DF8}
		{BD602972-82BD-4FFF-8A70-C0F0AF393F73} = {3F7C67A9-723B-41E5-80E8-0E22B6A09DF8}
		{4E97C8C3-E3B4-4ABD-A11A-5B2782CA652C} = {3F7C67A9-723B-41E5-80E8-0E22B6A09DF8}
		{BAFB5BB4-4772-440E-AEAC-B9738674E45C} = {3F7C67A9-723B-41E5-80E8-0E22B6A09DF8}
		{714A4437-0DAF-421F-9037-646A199EA245} = {3F7C67A9-723B-41E5-80E8-0E22B6A09DF8}
		{A7BCE5C4-7C51-4FA2-A854-8148D2C5EDFC} = {3F7C67A9-723B-41E5-80E8-0E22B6A09DF8}
		{5F4AB3BF-02FE-4531-B044-FB8284B64E1C} = {3F7C67A9-723B-41E5-80E8-0E22B6A09DF8}
		{3DC94593-EC95-4610-80E3-66D53880026D} = {A6BF7212-EEC7-4BD0-8D27-C390A21C8CEC}
		{1FBAA273-880C-4EBE-BB68-94431B2F4678} = {A6BF7212-EEC7-4BD0-8D27-C390A21C8CEC}
		{25B958E7-957F-424E-A271-B4C9426264DD} = {A6BF7212-EEC7-4BD0-8D27-C390A21C8CEC}
		{E010620E-2B2B-4C0A-8DFD-DBF98090B4A7} = {3F7C67A9-723B-41E5-80E8-0E22B6A09DF8}
		{DB3FA5F5-4229-45E3-851C-F00E85FD70D9} = {3F7C67A9-723B-41E5-80E8-0E22B6A09DF8}
		{616F9DE9-7D90-4738-B32A-E92CA2A8CB60} = {3F7C67A9-723B-41E5-80E8-0E22B6A09DF8}
		{28D2D7A4-3A79-45BC-BFFA-9EA89A4145FF} = {3F7C67A9-723B-41E5-80E8-0E22B6A09DF8}
		{E0B0275E-4BE3-4D2A-A575-D4AA40CCF170} = {3F7C67A9-723B-41E5-80E8-0E22B6A09DF8}
		{2B8D371E-B37E-42B4-BFA1-40A188774999} = {3F7C67A9-723B-41E5-80E8-0E22B6A09DF8}
		{324CF311-D279-4130-B9AB-ADBBE9014D51} = {3F7C67A9-723B-41E5-80E8-0E22B6A09DF8}
		{3027AAD6-7A8A-44EC-95E9-CDC9F54B9F55} = {3F7C67A9-723B-41E5-80E8-0E22B6A09DF8}
		{E3DD0A7F-3119-4AD2-9E89-1850211A834F} = {3F7C67A9-723B-41E5-80E8-0E22B6A09DF8}
		{F36A02C5-8F3B-4325-A5E5-9F19C9833571} = {3F7C67A9-723B-41E5-80E8-0E22B6A09DF8}
		{26D55ADC-583B-4938-8BC1-48CD6EE1E0C8} = {3F7C67A9-723B-41E5-80E8-0E22B6A09DF8}
		{1D21B851-C3F1-45B8-A571-71C22536CA9A} = {3F7C67A9-723B-41E5-80E8-0E22B6A09DF8}
		{1BA16867-64FF-4A97-B293-05F7449C21AA} = {3F7C67A9-723B-41E5-80E8-0E22B6A09DF8}
		{FB15406C-F314-49D0-8A06-DBB34E6EB73A} = {3F7C67A9-723B-41E5-80E8-0E22B6A09DF8}
		{6A9EC387-743A-45C3-AC68-4218A020E28A} = {3F7C67A9-723B-41E5-80E8-0E22B6A09DF8}
		{5449EAAB-86F3-4AD9-98B1-2ADCF3600009} = {3F7C67A9-723B-41E5-80E8-0E22B6A09DF8}
		{13071552-F578-4D36-B86C-6722B341262D} = {3F7C67A9-723B-41E5-80E8-0E22B6A09DF8}
		{33F598E0-2451-40CF-8F47-C5F9865144FE} = {3F7C67A9-723B-41E5-80E8-0E22B6A09DF8}
		{FC654C2B-4FCD-4A0D-A487-2A372CFFF69F} = {3F7C67A9-723B-41E5-80E8-0E22B6A09DF8}
		{7D63D889-3C99-4F7D-8C11-3BBAA13DEE7F} = {3F7C67A9-723B-41E5-80E8-0E22B6A09DF8}
		{CA237D83-5397-4256-84D7-44405B2FE4DD} = {3F7C67A9-723B-41E5-80E8-0E22B6A09DF8}
	EndGlobalSection
	GlobalSection(ExtensibilityGlobals) = postSolution
		SolutionGuid = {7EDBA141-81CB-48A6-9F95-8B5DED1FC991}
	EndGlobalSection
EndGlobal
